
Microsoft Visual Studio Solution File, Format Version 12.00
# Visual Studio Version 17
VisualStudioVersion = 17.9.34511.98
MinimumVisualStudioVersion = 10.0.40219.1
Project("{FAE04EC0-301F-11D3-BF4B-00C04F79EFBC}") = "MHalo.CoreFx.RsaToolBox", "MHalo.CoreFx.RsaToolBox.csproj", "{5E9BED97-FB28-4D70-9FD6-245EEFCF19BA}"
EndProject
Global
	GlobalSection(SolutionConfigurationPlatforms) = preSolution
		Debug|Any CPU = Debug|Any CPU
		Release|Any CPU = Release|Any CPU
	EndGlobalSection
	GlobalSection(ProjectConfigurationPlatforms) = postSolution
		{5E9BED97-FB28-4D70-9FD6-245EEFCF19BA}.Debug|Any CPU.ActiveCfg = Debug|Any CPU
		{5E9BED97-FB28-4D70-9FD6-245EEFCF19BA}.Debug|Any CPU.Build.0 = Debug|Any CPU
		{5E9BED97-FB28-4D70-9FD6-245EEFCF19BA}.Release|Any CPU.ActiveCfg = Release|Any CPU
		{5E9BED97-FB28-4D70-9FD6-245EEFCF19BA}.Release|Any CPU.Build.0 = Release|Any CPU
	EndGlobalSection
	GlobalSection(SolutionProperties) = preSolution
		HideSolutionNode = FALSE
	EndGlobalSection
	GlobalSection(ExtensibilityGlobals) = postSolution
		SolutionGuid = {FA65961E-EE11-47E2-ADFE-A20C900B2210}
	EndGlobalSection
EndGlobal
